
Microsoft Visual Studio Solution File, Format Version 12.00
# Visual Studio Version 17
VisualStudioVersion = 17.8.34601.278
MinimumVisualStudioVersion = 10.0.40219.1
Project("{FAE04EC0-301F-11D3-BF4B-00C04F79EFBC}") = "Delegates-practice", "Delegates-practice\Delegates-practice.csproj", "{2B5D7D17-8D57-450C-8345-FF23E898757F}"
EndProject
Global
	GlobalSection(SolutionConfigurationPlatforms) = preSolution
		Debug|Any CPU = Debug|Any CPU
		Release|Any CPU = Release|Any CPU
	EndGlobalSection
	GlobalSection(ProjectConfigurationPlatforms) = postSolution
		{2B5D7D17-8D57-450C-8345-FF23E898757F}.Debug|Any CPU.ActiveCfg = Debug|Any CPU
		{2B5D7D17-8D57-450C-8345-FF23E898757F}.Debug|Any CPU.Build.0 = Debug|Any CPU
		{2B5D7D17-8D57-450C-8345-FF23E898757F}.Release|Any CPU.ActiveCfg = Release|Any CPU
		{2B5D7D17-8D57-450C-8345-FF23E898757F}.Release|Any CPU.Build.0 = Release|Any CPU
	EndGlobalSection
	GlobalSection(SolutionProperties) = preSolution
		HideSolutionNode = FALSE
	EndGlobalSection
	GlobalSection(ExtensibilityGlobals) = postSolution
		SolutionGuid = {FFE9A192-29F9-443F-9573-7DCC8C4176B6}
	EndGlobalSection
EndGlobal
